// !$*UTF8*$!
{
	archiveVersion = 1;
	classes = {
	};
	objectVersion = 46;
	objects = {

/* Begin PBXBuildFile section */
		17583A761B219E1700E5168A /* AppDelegate.swift in Sources */ = {isa = PBXBuildFile; fileRef = 17583A751B219E1700E5168A /* AppDelegate.swift */; };
		17583A781B219E1700E5168A /* ViewController.swift in Sources */ = {isa = PBXBuildFile; fileRef = 17583A771B219E1700E5168A /* ViewController.swift */; };
		17583A7B1B219E1700E5168A /* Main.storyboard in Resources */ = {isa = PBXBuildFile; fileRef = 17583A791B219E1700E5168A /* Main.storyboard */; };
		17583A7D1B219E1700E5168A /* Images.xcassets in Resources */ = {isa = PBXBuildFile; fileRef = 17583A7C1B219E1700E5168A /* Images.xcassets */; };
		17583A801B219E1700E5168A /* LaunchScreen.xib in Resources */ = {isa = PBXBuildFile; fileRef = 17583A7E1B219E1700E5168A /* LaunchScreen.xib */; };
		17583A8C1B219E1700E5168A /* FighterTests.swift in Sources */ = {isa = PBXBuildFile; fileRef = 17583A8B1B219E1700E5168A /* FighterTests.swift */; };
/* End PBXBuildFile section */

/* Begin PBXContainerItemProxy section */
		17583A861B219E1700E5168A /* PBXContainerItemProxy */ = {
			isa = PBXContainerItemProxy;
			containerPortal = 17583A681B219E1700E5168A /* Project object */;
			proxyType = 1;
			remoteGlobalIDString = 17583A6F1B219E1700E5168A;
			remoteInfo = Fighter;
		};
/* End PBXContainerItemProxy section */

/* Begin PBXFileReference section */
		17583A701B219E1700E5168A /* Fighter.app */ = {isa = PBXFileReference; explicitFileType = wrapper.application; includeInIndex = 0; path = Fighter.app; sourceTree = BUILT_PRODUCTS_DIR; };
		17583A741B219E1700E5168A /* Info.plist */ = {isa = PBXFileReference; lastKnownFileType = text.plist.xml; path = Info.plist; sourceTree = "<group>"; };
		17583A751B219E1700E5168A /* AppDelegate.swift */ = {isa = PBXFileReference; lastKnownFileType = sourcecode.swift; path = AppDelegate.swift; sourceTree = "<group>"; };
		17583A771B219E1700E5168A /* ViewController.swift */ = {isa = PBXFileReference; lastKnownFileType = sourcecode.swift; path = ViewController.swift; sourceTree = "<group>"; };
		17583A7A1B219E1700E5168A /* Base */ = {isa = PBXFileReference; lastKnownFileType = file.storyboard; name = Base; path = Base.lproj/Main.storyboard; sourceTree = "<group>"; };
		17583A7C1B219E1700E5168A /* Images.xcassets */ = {isa = PBXFileReference; lastKnownFileType = folder.assetcatalog; path = Images.xcassets; sourceTree = "<group>"; };
		17583A7F1B219E1700E5168A /* Base */ = {isa = PBXFileReference; lastKnownFileType = file.xib; name = Base; path = Base.lproj/LaunchScreen.xib; sourceTree = "<group>"; };
		17583A851B219E1700E5168A /* FighterTests.xctest */ = {isa = PBXFileReference; explicitFileType = wrapper.cfbundle; includeInIndex = 0; path = FighterTests.xctest; sourceTree = BUILT_PRODUCTS_DIR; };
		17583A8A1B219E1700E5168A /* Info.plist */ = {isa = PBXFileReference; lastKnownFileType = text.plist.xml; path = Info.plist; sourceTree = "<group>"; };
		17583A8B1B219E1700E5168A /* FighterTests.swift */ = {isa = PBXFileReference; lastKnownFileType = sourcecode.swift; path = FighterTests.swift; sourceTree = "<group>"; };
/* End PBXFileReference section */

/* Begin PBXFrameworksBuildPhase section */
		17583A6D1B219E1700E5168A /* Frameworks */ = {
			isa = PBXFrameworksBuildPhase;
			buildActionMask = 2147483647;
			files = (
			);
			runOnlyForDeploymentPostprocessing = 0;
		};
		17583A821B219E1700E5168A /* Frameworks */ = {
			isa = PBXFrameworksBuildPhase;
			buildActionMask = 2147483647;
			files = (
			);
			runOnlyForDeploymentPostprocessing = 0;
		};
/* End PBXFrameworksBuildPhase section */

/* Begin PBXGroup section */
		17583A671B219E1700E5168A = {
			isa = PBXGroup;
			children = (
				17583A721B219E1700E5168A /* Fighter */,
				17583A881B219E1700E5168A /* FighterTests */,
				17583A711B219E1700E5168A /* Products */,
			);
			sourceTree = "<group>";
		};
		17583A711B219E1700E5168A /* Products */ = {
			isa = PBXGroup;
			children = (
				17583A701B219E1700E5168A /* Fighter.app */,
				17583A851B219E1700E5168A /* FighterTests.xctest */,
			);
			name = Products;
			sourceTree = "<group>";
		};
		17583A721B219E1700E5168A /* Fighter */ = {
			isa = PBXGroup;
			children = (
				17583A751B219E1700E5168A /* AppDelegate.swift */,
				17583A771B219E1700E5168A /* ViewController.swift */,
				17583A791B219E1700E5168A /* Main.storyboard */,
				17583A7C1B219E1700E5168A /* Images.xcassets */,
				17583A7E1B219E1700E5168A /* LaunchScreen.xib */,
				17583A731B219E1700E5168A /* Supporting Files */,
			);
			path = Fighter;
			sourceTree = "<group>";
		};
		17583A731B219E1700E5168A /* Supporting Files */ = {
			isa = PBXGroup;
			children = (
				17583A741B219E1700E5168A /* Info.plist */,
			);
			name = "Supporting Files";
			sourceTree = "<group>";
		};
		17583A881B219E1700E5168A /* FighterTests */ = {
			isa = PBXGroup;
			children = (
				17583A8B1B219E1700E5168A /* FighterTests.swift */,
				17583A891B219E1700E5168A /* Supporting Files */,
			);
			path = FighterTests;
			sourceTree = "<group>";
		};
		17583A891B219E1700E5168A /* Supporting Files */ = {
			isa = PBXGroup;
			children = (
				17583A8A1B219E1700E5168A /* Info.plist */,
			);
			name = "Supporting Files";
			sourceTree = "<group>";
		};
/* End PBXGroup section */

/* Begin PBXNativeTarget section */
		17583A6F1B219E1700E5168A /* Fighter */ = {
			isa = PBXNativeTarget;
			buildConfigurationList = 17583A8F1B219E1700E5168A /* Build configuration list for PBXNativeTarget "Fighter" */;
			buildPhases = (
				17583A6C1B219E1700E5168A /* Sources */,
				17583A6D1B219E1700E5168A /* Frameworks */,
				17583A6E1B219E1700E5168A /* Resources */,
			);
			buildRules = (
			);
			dependencies = (
			);
			name = Fighter;
			productName = Fighter;
			productReference = 17583A701B219E1700E5168A /* Fighter.app */;
			productType = "com.apple.product-type.application";
		};
		17583A841B219E1700E5168A /* FighterTests */ = {
			isa = PBXNativeTarget;
			buildConfigurationList = 17583A921B219E1700E5168A /* Build configuration list for PBXNativeTarget "FighterTests" */;
			buildPhases = (
				17583A811B219E1700E5168A /* Sources */,
				17583A821B219E1700E5168A /* Frameworks */,
				17583A831B219E1700E5168A /* Resources */,
			);
			buildRules = (
			);
			dependencies = (
				17583A871B219E1700E5168A /* PBXTargetDependency */,
			);
			name = FighterTests;
			productName = FighterTests;
			productReference = 17583A851B219E1700E5168A /* FighterTests.xctest */;
			productType = "com.apple.product-type.bundle.unit-test";
		};
/* End PBXNativeTarget section */

/* Begin PBXProject section */
		17583A681B219E1700E5168A /* Project object */ = {
			isa = PBXProject;
			attributes = {
				LastUpgradeCheck = 0630;
				ORGANIZATIONNAME = rainbow;
				TargetAttributes = {
					17583A6F1B219E1700E5168A = {
						CreatedOnToolsVersion = 6.3.2;
					};
					17583A841B219E1700E5168A = {
						CreatedOnToolsVersion = 6.3.2;
						TestTargetID = 17583A6F1B219E1700E5168A;
					};
				};
			};
			buildConfigurationList = 17583A6B1B219E1700E5168A /* Build configuration list for PBXProject "Fighter" */;
			compatibilityVersion = "Xcode 3.2";
			developmentRegion = English;
			hasScannedForEncodings = 0;
			knownRegions = (
				en,
				Base,
			);
			mainGroup = 17583A671B219E1700E5168A;
			productRefGroup = 17583A711B219E1700E5168A /* Products */;
			projectDirPath = "";
			projectRoot = "";
			targets = (
				17583A6F1B219E1700E5168A /* Fighter */,
				17583A841B219E1700E5168A /* FighterTests */,
			);
		};
/* End PBXProject section */

/* Begin PBXResourcesBuildPhase section */
		17583A6E1B219E1700E5168A /* Resources */ = {
			isa = PBXResourcesBuildPhase;
			buildActionMask = 2147483647;
			files = (
				17583A7B1B219E1700E5168A /* Main.storyboard in Resources */,
				17583A801B219E1700E5168A /* LaunchScreen.xib in Resources */,
				17583A7D1B219E1700E5168A /* Images.xcassets in Resources */,
			);
			runOnlyForDeploymentPostprocessing = 0;
		};
		17583A831B219E1700E5168A /* Resources */ = {
			isa = PBXResourcesBuildPhase;
			buildActionMask = 2147483647;
			files = (
			);
			runOnlyForDeploymentPostprocessing = 0;
		};
/* End PBXResourcesBuildPhase section */

/* Begin PBXSourcesBuildPhase section */
		17583A6C1B219E1700E5168A /* Sources */ = {
			isa = PBXSourcesBuildPhase;
			buildActionMask = 2147483647;
			files = (
				17583A781B219E1700E5168A /* ViewController.swift in Sources */,
				17583A761B219E1700E5168A /* AppDelegate.swift in Sources */,
			);
			runOnlyForDeploymentPostprocessing = 0;
		};
		17583A811B219E1700E5168A /* Sources */ = {
			isa = PBXSourcesBuildPhase;
			buildActionMask = 2147483647;
			files = (
				17583A8C1B219E1700E5168A /* FighterTests.swift in Sources */,
			);
			runOnlyForDeploymentPostprocessing = 0;
		};
/* End PBXSourcesBuildPhase section */

/* Begin PBXTargetDependency section */
		17583A871B219E1700E5168A /* PBXTargetDependency */ = {
			isa = PBXTargetDependency;
			target = 17583A6F1B219E1700E5168A /* Fighter */;
			targetProxy = 17583A861B219E1700E5168A /* PBXContainerItemProxy */;
		};
/* End PBXTargetDependency section */

/* Begin PBXVariantGroup section */
		17583A791B219E1700E5168A /* Main.storyboard */ = {
			isa = PBXVariantGroup;
			children = (
				17583A7A1B219E1700E5168A /* Base */,
			);
			name = Main.storyboard;
			sourceTree = "<group>";
		};
		17583A7E1B219E1700E5168A /* LaunchScreen.xib */ = {
			isa = PBXVariantGroup;
			children = (
				17583A7F1B219E1700E5168A /* Base */,
			);
			name = LaunchScreen.xib;
			sourceTree = "<group>";
		};
/* End PBXVariantGroup section */

/* Begin XCBuildConfiguration section */
		17583A8D1B219E1700E5168A /* Debug */ = {
			isa = XCBuildConfiguration;
			buildSettings = {
				ALWAYS_SEARCH_USER_PATHS = NO;
				CLANG_CXX_LANGUAGE_STANDARD = "gnu++0x";
				CLANG_CXX_LIBRARY = "libc++";
				CLANG_ENABLE_MODULES = YES;
				CLANG_ENABLE_OBJC_ARC = YES;
				CLANG_WARN_BOOL_CONVERSION = YES;
				CLANG_WARN_CONSTANT_CONVERSION = YES;
				CLANG_WARN_DIRECT_OBJC_ISA_USAGE = YES_ERROR;
				CLANG_WARN_EMPTY_BODY = YES;
				CLANG_WARN_ENUM_CONVERSION = YES;
				CLANG_WARN_INT_CONVERSION = YES;
				CLANG_WARN_OBJC_ROOT_CLASS = YES_ERROR;
				CLANG_WARN_UNREACHABLE_CODE = YES;
				CLANG_WARN__DUPLICATE_METHOD_MATCH = YES;
				"CODE_SIGN_IDENTITY[sdk=iphoneos*]" = "iPhone Developer";
				COPY_PHASE_STRIP = NO;
				DEBUG_INFORMATION_FORMAT = "dwarf-with-dsym";
				ENABLE_STRICT_OBJC_MSGSEND = YES;
				GCC_C_LANGUAGE_STANDARD = gnu99;
				GCC_DYNAMIC_NO_PIC = NO;
				GCC_NO_COMMON_BLOCKS = YES;
				GCC_OPTIMIZATION_LEVEL = 0;
				GCC_PREPROCESSOR_DEFINITIONS = (
					"DEBUG=1",
					"$(inherited)",
				);
				GCC_SYMBOLS_PRIVATE_EXTERN = NO;
				GCC_WARN_64_TO_32_BIT_CONVERSION = YES;
				GCC_WARN_ABOUT_RETURN_TYPE = YES_ERROR;
				GCC_WARN_UNDECLARED_SELECTOR = YES;
				GCC_WARN_UNINITIALIZED_AUTOS = YES_AGGRESSIVE;
				GCC_WARN_UNUSED_FUNCTION = YES;
				GCC_WARN_UNUSED_VARIABLE = YES;
				IPHONEOS_DEPLOYMENT_TARGET = 8.3;
				MTL_ENABLE_DEBUG_INFO = YES;
				ONLY_ACTIVE_ARCH = YES;
				SDKROOT = iphoneos;
				SWIFT_OPTIMIZATION_LEVEL = "-Onone";
			};
			name = Debug;
		};
		17583A8E1B219E1700E5168A /* Release */ = {
			isa = XCBuildConfiguration;
			buildSettings = {
				ALWAYS_SEARCH_USER_PATHS = NO;
				CLANG_CXX_LANGUAGE_STANDARD = "gnu++0x";
				CLANG_CXX_LIBRARY = "libc++";
				CLANG_ENABLE_MODULES = YES;
				CLANG_ENABLE_OBJC_ARC = YES;
				CLANG_WARN_BOOL_CONVERSION = YES;
				CLANG_WARN_CONSTANT_CONVERSION = YES;
				CLANG_WARN_DIRECT_OBJC_ISA_USAGE = YES_ERROR;
				CLANG_WARN_EMPTY_BODY = YES;
				CLANG_WARN_ENUM_CONVERSION = YES;
				CLANG_WARN_INT_CONVERSION = YES;
				CLANG_WARN_OBJC_ROOT_CLASS = YES_ERROR;
				CLANG_WARN_UNREACHABLE_CODE = YES;
				CLANG_WARN__DUPLICATE_METHOD_MATCH = YES;
				"CODE_SIGN_IDENTITY[sdk=iphoneos*]" = "iPhone Developer";
				COPY_PHASE_STRIP = NO;
				DEBUG_INFORMATION_FORMAT = "dwarf-with-dsym";
				ENABLE_NS_ASSERTIONS = NO;
				ENABLE_STRICT_OBJC_MSGSEND = YES;
				GCC_C_LANGUAGE_STANDARD = gnu99;
				GCC_NO_COMMON_BLOCKS = YES;
				GCC_WARN_64_TO_32_BIT_CONVERSION = YES;
				GCC_WARN_ABOUT_RETURN_TYPE = YES_ERROR;
				GCC_WARN_UNDECLARED_SELECTOR = YES;
				GCC_WARN_UNINITIALIZED_AUTOS = YES_AGGRESSIVE;
				GCC_WARN_UNUSED_FUNCTION = YES;
				GCC_WARN_UNUSED_VARIABLE = YES;
				IPHONEOS_DEPLOYMENT_TARGET = 8.3;
				MTL_ENABLE_DEBUG_INFO = NO;
				SDKROOT = iphoneos;
				VALIDATE_PRODUCT = YES;
			};
			name = Release;
		};
		17583A901B219E1700E5168A /* Debug */ = {
			isa = XCBuildConfiguration;
			buildSettings = {
				ASSETCATALOG_COMPILER_APPICON_NAME = AppIcon;
				INFOPLIST_FILE = Fighter/Info.plist;
				LD_RUNPATH_SEARCH_PATHS = "$(inherited) @executable_path/Frameworks";
				PRODUCT_NAME = "$(TARGET_NAME)";
			};
			name = Debug;
		};
		17583A911B219E1700E5168A /* Release */ = {
			isa = XCBuildConfiguration;
			buildSettings = {
				ASSETCATALOG_COMPILER_APPICON_NAME = AppIcon;
				INFOPLIST_FILE = Fighter/Info.plist;
				LD_RUNPATH_SEARCH_PATHS = "$(inherited) @executable_path/Frameworks";
				PRODUCT_NAME = "$(TARGET_NAME)";
			};
			name = Release;
		};
		17583A931B219E1700E5168A /* Debug */ = {
			isa = XCBuildConfiguration;
			buildSettings = {
				BUNDLE_LOADER = "$(TEST_HOST)";
				FRAMEWORK_SEARCH_PATHS = (
					"$(SDKROOT)/Developer/Library/Frameworks",
					"$(inherited)",
				);
				GCC_PREPROCESSOR_DEFINITIONS = (
					"DEBUG=1",
					"$(inherited)",
				);
				INFOPLIST_FILE = FighterTests/Info.plist;
				LD_RUNPATH_SEARCH_PATHS = "$(inherited) @executable_path/Frameworks @loader_path/Frameworks";
				PRODUCT_NAME = "$(TARGET_NAME)";
				TEST_HOST = "$(BUILT_PRODUCTS_DIR)/Fighter.app/Fighter";
			};
			name = Debug;
		};
		17583A941B219E1700E5168A /* Release */ = {
			isa = XCBuildConfiguration;
			buildSettings = {
				BUNDLE_LOADER = "$(TEST_HOST)";
				FRAMEWORK_SEARCH_PATHS = (
					"$(SDKROOT)/Developer/Library/Frameworks",
					"$(inherited)",
				);
				INFOPLIST_FILE = FighterTests/Info.plist;
				LD_RUNPATH_SEARCH_PATHS = "$(inherited) @executable_path/Frameworks @loader_path/Frameworks";
				PRODUCT_NAME = "$(TARGET_NAME)";
				TEST_HOST = "$(BUILT_PRODUCTS_DIR)/Fighter.app/Fighter";
			};
			name = Release;
		};
/* End XCBuildConfiguration section */

/* Begin XCConfigurationList section */
		17583A6B1B219E1700E5168A /* Build configuration list for PBXProject "Fighter" */ = {
			isa = XCConfigurationList;
			buildConfigurations = (
				17583A8D1B219E1700E5168A /* Debug */,
				17583A8E1B219E1700E5168A /* Release */,
			);
			defaultConfigurationIsVisible = 0;
			defaultConfigurationName = Release;
		};
		17583A8F1B219E1700E5168A /* Build configuration list for PBXNativeTarget "Fighter" */ = {
			isa = XCConfigurationList;
			buildConfigurations = (
				17583A901B219E1700E5168A /* Debug */,
				17583A911B219E1700E5168A /* Release */,
			);
			defaultConfigurationIsVisible = 0;
		};
		17583A921B219E1700E5168A /* Build configuration list for PBXNativeTarget "FighterTests" */ = {
			isa = XCConfigurationList;
			buildConfigurations = (
				17583A931B219E1700E5168A /* Debug */,
				17583A941B219E1700E5168A /* Release */,
			);
			defaultConfigurationIsVisible = 0;
		};
/* End XCConfigurationList section */
	};
	rootObject = 17583A681B219E1700E5168A /* Project object */;
}
